
Microsoft Visual Studio Solution File, Format Version 12.00
# Visual Studio 15
Project("{FAE04EC0-301F-11D3-BF4B-00C04F79EFBC}") = "Assembly-CSharp", "Assembly-CSharp.csproj", "{55260994-B251-84A9-1B47-377CE9E5C937}"
EndProject
Global
	GlobalSection(SolutionConfigurationPlatforms) = preSolution
		Debug|Any CPU = Debug|Any CPU
		Release|Any CPU = Release|Any CPU
	EndGlobalSection
	GlobalSection(ProjectConfigurationPlatforms) = postSolution
		{55260994-B251-84A9-1B47-377CE9E5C937}.Debug|Any CPU.ActiveCfg = Debug|Any CPU
		{55260994-B251-84A9-1B47-377CE9E5C937}.Debug|Any CPU.Build.0 = Debug|Any CPU
		{55260994-B251-84A9-1B47-377CE9E5C937}.Release|Any CPU.ActiveCfg = Release|Any CPU
		{55260994-B251-84A9-1B47-377CE9E5C937}.Release|Any CPU.Build.0 = Release|Any CPU
	EndGlobalSection
	GlobalSection(SolutionProperties) = preSolution
		HideSolutionNode = FALSE
	EndGlobalSection
EndGlobal
